
Microsoft Visual Studio Solution File, Format Version 12.00
# Visual Studio Version 16
VisualStudioVersion = 16.0.29306.81
MinimumVisualStudioVersion = 10.0.40219.1
Project("{FAE04EC0-301F-11D3-BF4B-00C04F79EFBC}") = "6 Digit Code Generator", "6 Digit Code Generator\6 Digit Code Generator.csproj", "{2E86E12B-4C6B-48B3-869D-D0F41B295442}"
EndProject
Global
	GlobalSection(SolutionConfigurationPlatforms) = preSolution
		Debug|Any CPU = Debug|Any CPU
		Release|Any CPU = Release|Any CPU
	EndGlobalSection
	GlobalSection(ProjectConfigurationPlatforms) = postSolution
		{2E86E12B-4C6B-48B3-869D-D0F41B295442}.Debug|Any CPU.ActiveCfg = Debug|Any CPU
		{2E86E12B-4C6B-48B3-869D-D0F41B295442}.Debug|Any CPU.Build.0 = Debug|Any CPU
		{2E86E12B-4C6B-48B3-869D-D0F41B295442}.Release|Any CPU.ActiveCfg = Release|Any CPU
		{2E86E12B-4C6B-48B3-869D-D0F41B295442}.Release|Any CPU.Build.0 = Release|Any CPU
	EndGlobalSection
	GlobalSection(SolutionProperties) = preSolution
		HideSolutionNode = FALSE
	EndGlobalSection
	GlobalSection(ExtensibilityGlobals) = postSolution
		SolutionGuid = {8A0850B8-BBF2-4AEF-89B1-762F553D2144}
	EndGlobalSection
EndGlobal
