
Microsoft Visual Studio Solution File, Format Version 12.00
# Visual Studio Version 16
VisualStudioVersion = 16.0.29519.87
MinimumVisualStudioVersion = 10.0.40219.1
Project("{8BC9CEB8-8B4A-11D0-8D11-00A0C91BC942}") = "seedling", "seedling.vcxproj", "{49A9BB93-76B1-4691-9C48-FF9B3934F58E}"
EndProject
Global
	GlobalSection(SolutionConfigurationPlatforms) = preSolution
		Debug|x64 = Debug|x64
		Debug|x86 = Debug|x86
		Release|x64 = Release|x64
		Release|x86 = Release|x86
	EndGlobalSection
	GlobalSection(ProjectConfigurationPlatforms) = postSolution
		{49A9BB93-76B1-4691-9C48-FF9B3934F58E}.Debug|x64.ActiveCfg = Debug|x64
		{49A9BB93-76B1-4691-9C48-FF9B3934F58E}.Debug|x64.Build.0 = Debug|x64
		{49A9BB93-76B1-4691-9C48-FF9B3934F58E}.Debug|x86.ActiveCfg = Debug|Win32
		{49A9BB93-76B1-4691-9C48-FF9B3934F58E}.Debug|x86.Build.0 = Debug|Win32
		{49A9BB93-76B1-4691-9C48-FF9B3934F58E}.Release|x64.ActiveCfg = Release|x64
		{49A9BB93-76B1-4691-9C48-FF9B3934F58E}.Release|x64.Build.0 = Release|x64
		{49A9BB93-76B1-4691-9C48-FF9B3934F58E}.Release|x86.ActiveCfg = Release|Win32
		{49A9BB93-76B1-4691-9C48-FF9B3934F58E}.Release|x86.Build.0 = Release|Win32
	EndGlobalSection
	GlobalSection(SolutionProperties) = preSolution
		HideSolutionNode = FALSE
	EndGlobalSection
	GlobalSection(ExtensibilityGlobals) = postSolution
		SolutionGuid = {B33670C6-C7B2-4DDA-BC73-F5802C2844D6}
	EndGlobalSection
EndGlobal
